
Microsoft Visual Studio Solution File, Format Version 12.00
# Visual Studio Version 17
VisualStudioVersion = 17.3.32825.248
MinimumVisualStudioVersion = 10.0.40219.1
Project("{9A19103F-16F7-4668-BE54-9A1E7A4F7556}") = "users-v2", "users-v2.csproj", "{A8AFF20C-A66A-4D7C-9ED1-E4CA9906E093}"
EndProject
Project("{FAE04EC0-301F-11D3-BF4B-00C04F79EFBC}") = "UniteTestUsersV2", "..\UniteTestUsersV2\UniteTestUsersV2.csproj", "{3AA7A5A2-D3AE-49C3-8FA6-D0336276DDCE}"
EndProject
Global
	GlobalSection(SolutionConfigurationPlatforms) = preSolution
		Debug|Any CPU = Debug|Any CPU
		Release|Any CPU = Release|Any CPU
	EndGlobalSection
	GlobalSection(ProjectConfigurationPlatforms) = postSolution
		{A8AFF20C-A66A-4D7C-9ED1-E4CA9906E093}.Debug|Any CPU.ActiveCfg = Debug|Any CPU
		{A8AFF20C-A66A-4D7C-9ED1-E4CA9906E093}.Debug|Any CPU.Build.0 = Debug|Any CPU
		{A8AFF20C-A66A-4D7C-9ED1-E4CA9906E093}.Release|Any CPU.ActiveCfg = Release|Any CPU
		{A8AFF20C-A66A-4D7C-9ED1-E4CA9906E093}.Release|Any CPU.Build.0 = Release|Any CPU
		{3AA7A5A2-D3AE-49C3-8FA6-D0336276DDCE}.Debug|Any CPU.ActiveCfg = Debug|Any CPU
		{3AA7A5A2-D3AE-49C3-8FA6-D0336276DDCE}.Debug|Any CPU.Build.0 = Debug|Any CPU
		{3AA7A5A2-D3AE-49C3-8FA6-D0336276DDCE}.Release|Any CPU.ActiveCfg = Release|Any CPU
		{3AA7A5A2-D3AE-49C3-8FA6-D0336276DDCE}.Release|Any CPU.Build.0 = Release|Any CPU
	EndGlobalSection
	GlobalSection(SolutionProperties) = preSolution
		HideSolutionNode = FALSE
	EndGlobalSection
	GlobalSection(ExtensibilityGlobals) = postSolution
		SolutionGuid = {3CE98C56-742A-409B-9E8C-31DBD9574B87}
	EndGlobalSection
EndGlobal
